
Microsoft Visual Studio Solution File, Format Version 12.00
# Visual Studio Version 17
VisualStudioVersion = 17.5.33516.290
MinimumVisualStudioVersion = 10.0.40219.1
Project("{FAE04EC0-301F-11D3-BF4B-00C04F79EFBC}") = "gardenwhispererAPI", "gardenwhispererAPI\gardenwhispererAPI.csproj", "{ABF8C35F-94D1-4DF7-92B9-185063E2102E}"
EndProject
Global
	GlobalSection(SolutionConfigurationPlatforms) = preSolution
		Debug|Any CPU = Debug|Any CPU
		Release|Any CPU = Release|Any CPU
	EndGlobalSection
	GlobalSection(ProjectConfigurationPlatforms) = postSolution
		{ABF8C35F-94D1-4DF7-92B9-185063E2102E}.Debug|Any CPU.ActiveCfg = Debug|Any CPU
		{ABF8C35F-94D1-4DF7-92B9-185063E2102E}.Debug|Any CPU.Build.0 = Debug|Any CPU
		{ABF8C35F-94D1-4DF7-92B9-185063E2102E}.Release|Any CPU.ActiveCfg = Release|Any CPU
		{ABF8C35F-94D1-4DF7-92B9-185063E2102E}.Release|Any CPU.Build.0 = Release|Any CPU
	EndGlobalSection
	GlobalSection(SolutionProperties) = preSolution
		HideSolutionNode = FALSE
	EndGlobalSection
	GlobalSection(ExtensibilityGlobals) = postSolution
		SolutionGuid = {06498CBE-A848-47E2-AD2B-2C69337F171B}
	EndGlobalSection
EndGlobal
